Microsoft Visual Studio Solution File, Format Version 11.00
# Visual Studio 2008

Project("{BB77C191-61B1-A9DF-D5DE-D17407F7AA35}") = "SurvivialShooter", "Assembly-CSharp.csproj", "{2233F426-0109-9EF3-9AF8-D0FED6BFE90A}"
EndProject
Project("{BB77C191-61B1-A9DF-D5DE-D17407F7AA35}") = "SurvivialShooter", "Assembly-CSharp-Editor.csproj", "{69963AD0-049E-3D43-5E5F-F1ABDEA9298A}"
EndProject
Global
	GlobalSection(SolutionConfigurationPlatforms) = preSolution
		Debug|Any CPU = Debug|Any CPU
		Release|Any CPU = Release|Any CPU
	EndGlobalSection
	GlobalSection(ProjectConfigurationPlatforms) = postSolution
		{2233F426-0109-9EF3-9AF8-D0FED6BFE90A}.Debug|Any CPU.ActiveCfg = Debug|Any CPU
		{2233F426-0109-9EF3-9AF8-D0FED6BFE90A}.Debug|Any CPU.Build.0 = Debug|Any CPU
		{2233F426-0109-9EF3-9AF8-D0FED6BFE90A}.Release|Any CPU.ActiveCfg = Release|Any CPU
		{2233F426-0109-9EF3-9AF8-D0FED6BFE90A}.Release|Any CPU.Build.0 = Release|Any CPU
		{69963AD0-049E-3D43-5E5F-F1ABDEA9298A}.Debug|Any CPU.ActiveCfg = Debug|Any CPU
		{69963AD0-049E-3D43-5E5F-F1ABDEA9298A}.Debug|Any CPU.Build.0 = Debug|Any CPU
		{69963AD0-049E-3D43-5E5F-F1ABDEA9298A}.Release|Any CPU.ActiveCfg = Release|Any CPU
		{69963AD0-049E-3D43-5E5F-F1ABDEA9298A}.Release|Any CPU.Build.0 = Release|Any CPU
	EndGlobalSection
	GlobalSection(SolutionProperties) = preSolution
		HideSolutionNode = FALSE
	EndGlobalSection
						GlobalSection(MonoDevelopProperties) = preSolution
		StartupItem = Assembly-CSharp.csproj
		Policies = $0
		$0.TextStylePolicy = $1
		$1.inheritsSet = null
		$1.scope = text/x-csharp
		$0.CSharpFormattingPolicy = $2
		$2.inheritsSet = Mono
		$2.inheritsScope = text/x-csharp
		$2.scope = text/x-csharp
		$0.TextStylePolicy = $3
		$3.FileWidth = 120
		$3.TabWidth = 4
		$3.IndentWidth = 4
		$3.EolMarker = Unix
		$3.inheritsSet = Mono
		$3.inheritsScope = text/plain
		$3.scope = text/plain
	EndGlobalSection

EndGlobal
